// !$*UTF8*$!
{
	archiveVersion = 1;
	classes = {
	};
	objectVersion = 50;
	objects = {

/* Begin PBXBuildFile section */
		3B73AF786B972089E5891EBE /* Pods_Public_Speaking_TrainingUITests.framework in Frameworks */ = {isa = PBXBuildFile; fileRef = E7CD9CB1B4D06B4D07AE5157 /* Pods_Public_Speaking_TrainingUITests.framework */; };
		8FB704A421A1BAB40004F58C /* AppDelegate.swift in Sources */ = {isa = PBXBuildFile; fileRef = 8FB704A321A1BAB40004F58C /* AppDelegate.swift */; };
		8FB704A621A1BAB40004F58C /* PresentationInstanceViewController.swift in Sources */ = {isa = PBXBuildFile; fileRef = 8FB704A521A1BAB40004F58C /* PresentationInstanceViewController.swift */; };
		8FB704A921A1BAB40004F58C /* Main.storyboard in Resources */ = {isa = PBXBuildFile; fileRef = 8FB704A721A1BAB40004F58C /* Main.storyboard */; };
		8FB704AC21A1BAB40004F58C /* Public_Speaking_Training.xcdatamodeld in Sources */ = {isa = PBXBuildFile; fileRef = 8FB704AA21A1BAB40004F58C /* Public_Speaking_Training.xcdatamodeld */; };
		8FB704AE21A1BAB80004F58C /* Assets.xcassets in Resources */ = {isa = PBXBuildFile; fileRef = 8FB704AD21A1BAB70004F58C /* Assets.xcassets */; };
		8FB704B121A1BAB80004F58C /* LaunchScreen.storyboard in Resources */ = {isa = PBXBuildFile; fileRef = 8FB704AF21A1BAB80004F58C /* LaunchScreen.storyboard */; };
		8FB704BC21A1BAB80004F58C /* Public_Speaking_TrainingTests.swift in Sources */ = {isa = PBXBuildFile; fileRef = 8FB704BB21A1BAB80004F58C /* Public_Speaking_TrainingTests.swift */; };
		8FB704C721A1BAB80004F58C /* Public_Speaking_TrainingUITests.swift in Sources */ = {isa = PBXBuildFile; fileRef = 8FB704C621A1BAB80004F58C /* Public_Speaking_TrainingUITests.swift */; };
		8FB704D521A1BC370004F58C /* test.pdf in Resources */ = {isa = PBXBuildFile; fileRef = 8FB704D421A1BC370004F58C /* test.pdf */; };
		8FB704DB21A1D0EA0004F58C /* Keys.swift in Sources */ = {isa = PBXBuildFile; fileRef = 8FB704DA21A1D0EA0004F58C /* Keys.swift */; };
		8FF1876021A1E3EF00DDD75F /* PresentationFile.swift in Sources */ = {isa = PBXBuildFile; fileRef = 8FF1875F21A1E3EF00DDD75F /* PresentationFile.swift */; };
		8FF1876321A1E46900DDD75F /* PresentationInstance.swift in Sources */ = {isa = PBXBuildFile; fileRef = 8FF1876221A1E46900DDD75F /* PresentationInstance.swift */; };
		8FF1876521A20D8400DDD75F /* AudioController.swift in Sources */ = {isa = PBXBuildFile; fileRef = 8FF1876421A20D8400DDD75F /* AudioController.swift */; };
		8FF1876821A20F0100DDD75F /* SpeechRecognitionService.swift in Sources */ = {isa = PBXBuildFile; fileRef = 8FF1876721A20F0100DDD75F /* SpeechRecognitionService.swift */; };
		8FF1876D21A233E400DDD75F /* PresentationsViewerViewController.swift in Sources */ = {isa = PBXBuildFile; fileRef = 8FF1876C21A233E400DDD75F /* PresentationsViewerViewController.swift */; };
		8FF1877121A234A400DDD75F /* PresentationTableViewCell.swift in Sources */ = {isa = PBXBuildFile; fileRef = 8FF1877021A234A400DDD75F /* PresentationTableViewCell.swift */; };
		8FF1877321A26A2E00DDD75F /* PresentationFileViewController.swift in Sources */ = {isa = PBXBuildFile; fileRef = 8FF1877221A26A2E00DDD75F /* PresentationFileViewController.swift */; };
		8FF1877521A2769600DDD75F /* InstanceTableViewCell.swift in Sources */ = {isa = PBXBuildFile; fileRef = 8FF1877421A2769600DDD75F /* InstanceTableViewCell.swift */; };
		8FF1877721A2923900DDD75F /* UtilFunctions.swift in Sources */ = {isa = PBXBuildFile; fileRef = 8FF1877621A2923900DDD75F /* UtilFunctions.swift */; };
		B28F64EE3FDF696084324AF7 /* Pods_Public_Speaking_Training.framework in Frameworks */ = {isa = PBXBuildFile; fileRef = 0EABA4484479C56D72A87218 /* Pods_Public_Speaking_Training.framework */; };
		CD0D1C2EE1850D3B93765BFC /* Pods_Public_Speaking_TrainingTests.framework in Frameworks */ = {isa = PBXBuildFile; fileRef = AFBA602196AF107165A04DB3 /* Pods_Public_Speaking_TrainingTests.framework */; };
/* End PBXBuildFile section */

/* Begin PBXContainerItemProxy section */
		8FB704B821A1BAB80004F58C /* PBXContainerItemProxy */ = {
			isa = PBXContainerItemProxy;
			containerPortal = 8FB7049821A1BAB40004F58C /* Project object */;
			proxyType = 1;
			remoteGlobalIDString = 8FB7049F21A1BAB40004F58C;
			remoteInfo = "Public Speaking Training";
		};
		8FB704C321A1BAB80004F58C /* PBXContainerItemProxy */ = {
			isa = PBXContainerItemProxy;
			containerPortal = 8FB7049821A1BAB40004F58C /* Project object */;
			proxyType = 1;
			remoteGlobalIDString = 8FB7049F21A1BAB40004F58C;
			remoteInfo = "Public Speaking Training";
		};
/* End PBXContainerItemProxy section */

/* Begin PBXFileReference section */
		0EABA4484479C56D72A87218 /* Pods_Public_Speaking_Training.framework */ = {isa = PBXFileReference; explicitFileType = wrapper.framework; includeInIndex = 0; path = Pods_Public_Speaking_Training.framework; sourceTree = BUILT_PRODUCTS_DIR; };
		42DC0A061BE6BC801C2A5D30 /* Pods-Public Speaking Training.debug.xcconfig */ = {isa = PBXFileReference; includeInIndex = 1; lastKnownFileType = text.xcconfig; name = "Pods-Public Speaking Training.debug.xcconfig"; path = "Pods/Target Support Files/Pods-Public Speaking Training/Pods-Public Speaking Training.debug.xcconfig"; sourceTree = "<group>"; };
		55B932DCDE48FFEC55408807 /* Pods-Public Speaking TrainingUITests.release.xcconfig */ = {isa = PBXFileReference; includeInIndex = 1; lastKnownFileType = text.xcconfig; name = "Pods-Public Speaking TrainingUITests.release.xcconfig"; path = "Pods/Target Support Files/Pods-Public Speaking TrainingUITests/Pods-Public Speaking TrainingUITests.release.xcconfig"; sourceTree = "<group>"; };
		7A7916C5BCF7BCAC1E01863A /* Pods-Public Speaking TrainingUITests.debug.xcconfig */ = {isa = PBXFileReference; includeInIndex = 1; lastKnownFileType = text.xcconfig; name = "Pods-Public Speaking TrainingUITests.debug.xcconfig"; path = "Pods/Target Support Files/Pods-Public Speaking TrainingUITests/Pods-Public Speaking TrainingUITests.debug.xcconfig"; sourceTree = "<group>"; };
		7E8CAF446405C0B12BFFB27C /* Pods-Public Speaking TrainingTests.release.xcconfig */ = {isa = PBXFileReference; includeInIndex = 1; lastKnownFileType = text.xcconfig; name = "Pods-Public Speaking TrainingTests.release.xcconfig"; path = "Pods/Target Support Files/Pods-Public Speaking TrainingTests/Pods-Public Speaking TrainingTests.release.xcconfig"; sourceTree = "<group>"; };
		8FB704A021A1BAB40004F58C /* Public Speaking Training.app */ = {isa = PBXFileReference; explicitFileType = wrapper.application; includeInIndex = 0; path = "Public Speaking Training.app"; sourceTree = BUILT_PRODUCTS_DIR; };
		8FB704A321A1BAB40004F58C /* AppDelegate.swift */ = {isa = PBXFileReference; lastKnownFileType = sourcecode.swift; path = AppDelegate.swift; sourceTree = "<group>"; };
		8FB704A521A1BAB40004F58C /* PresentationInstanceViewController.swift */ = {isa = PBXFileReference; lastKnownFileType = sourcecode.swift; path = PresentationInstanceViewController.swift; sourceTree = "<group>"; };
		8FB704A821A1BAB40004F58C /* Base */ = {isa = PBXFileReference; lastKnownFileType = file.storyboard; name = Base; path = Base.lproj/Main.storyboard; sourceTree = "<group>"; };
		8FB704AB21A1BAB40004F58C /* Public_Speaking_Training.xcdatamodel */ = {isa = PBXFileReference; lastKnownFileType = wrapper.xcdatamodel; path = Public_Speaking_Training.xcdatamodel; sourceTree = "<group>"; };
		8FB704AD21A1BAB70004F58C /* Assets.xcassets */ = {isa = PBXFileReference; lastKnownFileType = folder.assetcatalog; path = Assets.xcassets; sourceTree = "<group>"; };
		8FB704B021A1BAB80004F58C /* Base */ = {isa = PBXFileReference; lastKnownFileType = file.storyboard; name = Base; path = Base.lproj/LaunchScreen.storyboard; sourceTree = "<group>"; };
		8FB704B221A1BAB80004F58C /* Info.plist */ = {isa = PBXFileReference; lastKnownFileType = text.plist.xml; path = Info.plist; sourceTree = "<group>"; };
		8FB704B721A1BAB80004F58C /* Public Speaking TrainingTests.xctest */ = {isa = PBXFileReference; explicitFileType = wrapper.cfbundle; includeInIndex = 0; path = "Public Speaking TrainingTests.xctest"; sourceTree = BUILT_PRODUCTS_DIR; };
		8FB704BB21A1BAB80004F58C /* Public_Speaking_TrainingTests.swift */ = {isa = PBXFileReference; lastKnownFileType = sourcecode.swift; path = Public_Speaking_TrainingTests.swift; sourceTree = "<group>"; };
		8FB704BD21A1BAB80004F58C /* Info.plist */ = {isa = PBXFileReference; lastKnownFileType = text.plist.xml; path = Info.plist; sourceTree = "<group>"; };
		8FB704C221A1BAB80004F58C /* Public Speaking TrainingUITests.xctest */ = {isa = PBXFileReference; explicitFileType = wrapper.cfbundle; includeInIndex = 0; path = "Public Speaking TrainingUITests.xctest"; sourceTree = BUILT_PRODUCTS_DIR; };
		8FB704C621A1BAB80004F58C /* Public_Speaking_TrainingUITests.swift */ = {isa = PBXFileReference; lastKnownFileType = sourcecode.swift; path = Public_Speaking_TrainingUITests.swift; sourceTree = "<group>"; };
		8FB704C821A1BAB80004F58C /* Info.plist */ = {isa = PBXFileReference; lastKnownFileType = text.plist.xml; path = Info.plist; sourceTree = "<group>"; };
		8FB704D421A1BC370004F58C /* test.pdf */ = {isa = PBXFileReference; lastKnownFileType = image.pdf; path = test.pdf; sourceTree = "<group>"; };
		8FB704DA21A1D0EA0004F58C /* Keys.swift */ = {isa = PBXFileReference; lastKnownFileType = sourcecode.swift; path = Keys.swift; sourceTree = "<group>"; };
		8FF1875F21A1E3EF00DDD75F /* PresentationFile.swift */ = {isa = PBXFileReference; lastKnownFileType = sourcecode.swift; path = PresentationFile.swift; sourceTree = "<group>"; };
		8FF1876221A1E46900DDD75F /* PresentationInstance.swift */ = {isa = PBXFileReference; lastKnownFileType = sourcecode.swift; path = PresentationInstance.swift; sourceTree = "<group>"; };
		8FF1876421A20D8400DDD75F /* AudioController.swift */ = {isa = PBXFileReference; lastKnownFileType = sourcecode.swift; path = AudioController.swift; sourceTree = "<group>"; };
		8FF1876721A20F0100DDD75F /* SpeechRecognitionService.swift */ = {isa = PBXFileReference; lastKnownFileType = sourcecode.swift; path = SpeechRecognitionService.swift; sourceTree = "<group>"; };
		8FF1876C21A233E400DDD75F /* PresentationsViewerViewController.swift */ = {isa = PBXFileReference; lastKnownFileType = sourcecode.swift; path = PresentationsViewerViewController.swift; sourceTree = "<group>"; };
		8FF1877021A234A400DDD75F /* PresentationTableViewCell.swift */ = {isa = PBXFileReference; lastKnownFileType = sourcecode.swift; path = PresentationTableViewCell.swift; sourceTree = "<group>"; };
		8FF1877221A26A2E00DDD75F /* PresentationFileViewController.swift */ = {isa = PBXFileReference; lastKnownFileType = sourcecode.swift; path = PresentationFileViewController.swift; sourceTree = "<group>"; };
		8FF1877421A2769600DDD75F /* InstanceTableViewCell.swift */ = {isa = PBXFileReference; lastKnownFileType = sourcecode.swift; path = InstanceTableViewCell.swift; sourceTree = "<group>"; };
		8FF1877621A2923900DDD75F /* UtilFunctions.swift */ = {isa = PBXFileReference; lastKnownFileType = sourcecode.swift; path = UtilFunctions.swift; sourceTree = "<group>"; };
		921540C72E2E221888D7AF96 /* Pods-Public Speaking TrainingTests.debug.xcconfig */ = {isa = PBXFileReference; includeInIndex = 1; lastKnownFileType = text.xcconfig; name = "Pods-Public Speaking TrainingTests.debug.xcconfig"; path = "Pods/Target Support Files/Pods-Public Speaking TrainingTests/Pods-Public Speaking TrainingTests.debug.xcconfig"; sourceTree = "<group>"; };
		AFBA602196AF107165A04DB3 /* Pods_Public_Speaking_TrainingTests.framework */ = {isa = PBXFileReference; explicitFileType = wrapper.framework; includeInIndex = 0; path = Pods_Public_Speaking_TrainingTests.framework; sourceTree = BUILT_PRODUCTS_DIR; };
		E2CAF73D0BFF4D01B6C39319 /* Pods-Public Speaking Training.release.xcconfig */ = {isa = PBXFileReference; includeInIndex = 1; lastKnownFileType = text.xcconfig; name = "Pods-Public Speaking Training.release.xcconfig"; path = "Pods/Target Support Files/Pods-Public Speaking Training/Pods-Public Speaking Training.release.xcconfig"; sourceTree = "<group>"; };
		E7CD9CB1B4D06B4D07AE5157 /* Pods_Public_Speaking_TrainingUITests.framework */ = {isa = PBXFileReference; explicitFileType = wrapper.framework; includeInIndex = 0; path = Pods_Public_Speaking_TrainingUITests.framework; sourceTree = BUILT_PRODUCTS_DIR; };
/* End PBXFileReference section */

/* Begin PBXFrameworksBuildPhase section */
		8FB7049D21A1BAB40004F58C /* Frameworks */ = {
			isa = PBXFrameworksBuildPhase;
			buildActionMask = 2147483647;
			files = (
				B28F64EE3FDF696084324AF7 /* Pods_Public_Speaking_Training.framework in Frameworks */,
			);
			runOnlyForDeploymentPostprocessing = 0;
		};
		8FB704B421A1BAB80004F58C /* Frameworks */ = {
			isa = PBXFrameworksBuildPhase;
			buildActionMask = 2147483647;
			files = (
				CD0D1C2EE1850D3B93765BFC /* Pods_Public_Speaking_TrainingTests.framework in Frameworks */,
			);
			runOnlyForDeploymentPostprocessing = 0;
		};
		8FB704BF21A1BAB80004F58C /* Frameworks */ = {
			isa = PBXFrameworksBuildPhase;
			buildActionMask = 2147483647;
			files = (
				3B73AF786B972089E5891EBE /* Pods_Public_Speaking_TrainingUITests.framework in Frameworks */,
			);
			runOnlyForDeploymentPostprocessing = 0;
		};
/* End PBXFrameworksBuildPhase section */

/* Begin PBXGroup section */
		8FB7049721A1BAB40004F58C = {
			isa = PBXGroup;
			children = (
				8FB704DA21A1D0EA0004F58C /* Keys.swift */,
				8FB704D421A1BC370004F58C /* test.pdf */,
				8FB704A221A1BAB40004F58C /* Public Speaking Training */,
				8FB704BA21A1BAB80004F58C /* Public Speaking TrainingTests */,
				8FB704C521A1BAB80004F58C /* Public Speaking TrainingUITests */,
				8FB704A121A1BAB40004F58C /* Products */,
				FC75B547D14C7462B406C83B /* Pods */,
				F901238E8866992EAF3669A4 /* Frameworks */,
			);
			sourceTree = "<group>";
		};
		8FB704A121A1BAB40004F58C /* Products */ = {
			isa = PBXGroup;
			children = (
				8FB704A021A1BAB40004F58C /* Public Speaking Training.app */,
				8FB704B721A1BAB80004F58C /* Public Speaking TrainingTests.xctest */,
				8FB704C221A1BAB80004F58C /* Public Speaking TrainingUITests.xctest */,
			);
			name = Products;
			sourceTree = "<group>";
		};
		8FB704A221A1BAB40004F58C /* Public Speaking Training */ = {
			isa = PBXGroup;
			children = (
				8FF1876621A20D8800DDD75F /* Google Speech */,
				8FF1876B21A233CD00DDD75F /* View Controller */,
				8FF1876121A1E3F700DDD75F /* Model */,
				8FB704A321A1BAB40004F58C /* AppDelegate.swift */,
				8FB704A721A1BAB40004F58C /* Main.storyboard */,
				8FB704AF21A1BAB80004F58C /* LaunchScreen.storyboard */,
				8FB704AD21A1BAB70004F58C /* Assets.xcassets */,
				8FB704B221A1BAB80004F58C /* Info.plist */,
				8FB704AA21A1BAB40004F58C /* Public_Speaking_Training.xcdatamodeld */,
				8FF1877621A2923900DDD75F /* UtilFunctions.swift */,
			);
			path = "Public Speaking Training";
			sourceTree = "<group>";
		};
		8FB704BA21A1BAB80004F58C /* Public Speaking TrainingTests */ = {
			isa = PBXGroup;
			children = (
				8FB704BB21A1BAB80004F58C /* Public_Speaking_TrainingTests.swift */,
				8FB704BD21A1BAB80004F58C /* Info.plist */,
			);
			path = "Public Speaking TrainingTests";
			sourceTree = "<group>";
		};
		8FB704C521A1BAB80004F58C /* Public Speaking TrainingUITests */ = {
			isa = PBXGroup;
			children = (
				8FB704C621A1BAB80004F58C /* Public_Speaking_TrainingUITests.swift */,
				8FB704C821A1BAB80004F58C /* Info.plist */,
			);
			path = "Public Speaking TrainingUITests";
			sourceTree = "<group>";
		};
		8FF1876121A1E3F700DDD75F /* Model */ = {
			isa = PBXGroup;
			children = (
				8FF1875F21A1E3EF00DDD75F /* PresentationFile.swift */,
				8FF1876221A1E46900DDD75F /* PresentationInstance.swift */,
				8FF1877021A234A400DDD75F /* PresentationTableViewCell.swift */,
				8FF1877421A2769600DDD75F /* InstanceTableViewCell.swift */,
			);
			path = Model;
			sourceTree = "<group>";
		};
		8FF1876621A20D8800DDD75F /* Google Speech */ = {
			isa = PBXGroup;
			children = (
				8FF1876421A20D8400DDD75F /* AudioController.swift */,
				8FF1876721A20F0100DDD75F /* SpeechRecognitionService.swift */,
			);
			path = "Google Speech";
			sourceTree = "<group>";
		};
		8FF1876B21A233CD00DDD75F /* View Controller */ = {
			isa = PBXGroup;
			children = (
				8FF1876C21A233E400DDD75F /* PresentationsViewerViewController.swift */,
				8FF1877221A26A2E00DDD75F /* PresentationFileViewController.swift */,
				8FB704A521A1BAB40004F58C /* PresentationInstanceViewController.swift */,
			);
			path = "View Controller";
			sourceTree = "<group>";
		};
		F901238E8866992EAF3669A4 /* Frameworks */ = {
			isa = PBXGroup;
			children = (
				0EABA4484479C56D72A87218 /* Pods_Public_Speaking_Training.framework */,
				AFBA602196AF107165A04DB3 /* Pods_Public_Speaking_TrainingTests.framework */,
				E7CD9CB1B4D06B4D07AE5157 /* Pods_Public_Speaking_TrainingUITests.framework */,
			);
			name = Frameworks;
			sourceTree = "<group>";
		};
		FC75B547D14C7462B406C83B /* Pods */ = {
			isa = PBXGroup;
			children = (
				42DC0A061BE6BC801C2A5D30 /* Pods-Public Speaking Training.debug.xcconfig */,
				E2CAF73D0BFF4D01B6C39319 /* Pods-Public Speaking Training.release.xcconfig */,
				921540C72E2E221888D7AF96 /* Pods-Public Speaking TrainingTests.debug.xcconfig */,
				7E8CAF446405C0B12BFFB27C /* Pods-Public Speaking TrainingTests.release.xcconfig */,
				7A7916C5BCF7BCAC1E01863A /* Pods-Public Speaking TrainingUITests.debug.xcconfig */,
				55B932DCDE48FFEC55408807 /* Pods-Public Speaking TrainingUITests.release.xcconfig */,
			);
			name = Pods;
			sourceTree = "<group>";
		};
/* End PBXGroup section */

/* Begin PBXNativeTarget section */
		8FB7049F21A1BAB40004F58C /* Public Speaking Training */ = {
			isa = PBXNativeTarget;
			buildConfigurationList = 8FB704CB21A1BAB80004F58C /* Build configuration list for PBXNativeTarget "Public Speaking Training" */;
			buildPhases = (
				D94EA5F17F6215D543C1632E /* [CP] Check Pods Manifest.lock */,
				8FB7049C21A1BAB40004F58C /* Sources */,
				8FB7049D21A1BAB40004F58C /* Frameworks */,
				8FB7049E21A1BAB40004F58C /* Resources */,
				240C4FBA47F2BE157D93606A /* [CP] Embed Pods Frameworks */,
			);
			buildRules = (
			);
			dependencies = (
			);
			name = "Public Speaking Training";
			productName = "Public Speaking Training";
			productReference = 8FB704A021A1BAB40004F58C /* Public Speaking Training.app */;
			productType = "com.apple.product-type.application";
		};
		8FB704B621A1BAB80004F58C /* Public Speaking TrainingTests */ = {
			isa = PBXNativeTarget;
			buildConfigurationList = 8FB704CE21A1BAB80004F58C /* Build configuration list for PBXNativeTarget "Public Speaking TrainingTests" */;
			buildPhases = (
				F3F2E544F260399B037E1BFF /* [CP] Check Pods Manifest.lock */,
				8FB704B321A1BAB80004F58C /* Sources */,
				8FB704B421A1BAB80004F58C /* Frameworks */,
				8FB704B521A1BAB80004F58C /* Resources */,
			);
			buildRules = (
			);
			dependencies = (
				8FB704B921A1BAB80004F58C /* PBXTargetDependency */,
			);
			name = "Public Speaking TrainingTests";
			productName = "Public Speaking TrainingTests";
			productReference = 8FB704B721A1BAB80004F58C /* Public Speaking TrainingTests.xctest */;
			productType = "com.apple.product-type.bundle.unit-test";
		};
		8FB704C121A1BAB80004F58C /* Public Speaking TrainingUITests */ = {
			isa = PBXNativeTarget;
			buildConfigurationList = 8FB704D121A1BAB80004F58C /* Build configuration list for PBXNativeTarget "Public Speaking TrainingUITests" */;
			buildPhases = (
				CA4249F6264F723FC923B56C /* [CP] Check Pods Manifest.lock */,
				8FB704BE21A1BAB80004F58C /* Sources */,
				8FB704BF21A1BAB80004F58C /* Frameworks */,
				8FB704C021A1BAB80004F58C /* Resources */,
			);
			buildRules = (
			);
			dependencies = (
				8FB704C421A1BAB80004F58C /* PBXTargetDependency */,
			);
			name = "Public Speaking TrainingUITests";
			productName = "Public Speaking TrainingUITests";
			productReference = 8FB704C221A1BAB80004F58C /* Public Speaking TrainingUITests.xctest */;
			productType = "com.apple.product-type.bundle.ui-testing";
		};
/* End PBXNativeTarget section */

/* Begin PBXProject section */
		8FB7049821A1BAB40004F58C /* Project object */ = {
			isa = PBXProject;
			attributes = {
				LastSwiftUpdateCheck = 1000;
				LastUpgradeCheck = 1000;
				ORGANIZATIONNAME = "Pierre Wehbe";
				TargetAttributes = {
					8FB7049F21A1BAB40004F58C = {
						CreatedOnToolsVersion = 10.0;
					};
					8FB704B621A1BAB80004F58C = {
						CreatedOnToolsVersion = 10.0;
						TestTargetID = 8FB7049F21A1BAB40004F58C;
					};
					8FB704C121A1BAB80004F58C = {
						CreatedOnToolsVersion = 10.0;
						TestTargetID = 8FB7049F21A1BAB40004F58C;
					};
				};
			};
			buildConfigurationList = 8FB7049B21A1BAB40004F58C /* Build configuration list for PBXProject "Public Speaking Training" */;
			compatibilityVersion = "Xcode 9.3";
			developmentRegion = en;
			hasScannedForEncodings = 0;
			knownRegions = (
				en,
				Base,
			);
			mainGroup = 8FB7049721A1BAB40004F58C;
			productRefGroup = 8FB704A121A1BAB40004F58C /* Products */;
			projectDirPath = "";
			projectRoot = "";
			targets = (
				8FB7049F21A1BAB40004F58C /* Public Speaking Training */,
				8FB704B621A1BAB80004F58C /* Public Speaking TrainingTests */,
				8FB704C121A1BAB80004F58C /* Public Speaking TrainingUITests */,
			);
		};
/* End PBXProject section */

/* Begin PBXResourcesBuildPhase section */
		8FB7049E21A1BAB40004F58C /* Resources */ = {
			isa = PBXResourcesBuildPhase;
			buildActionMask = 2147483647;
			files = (
				8FB704D521A1BC370004F58C /* test.pdf in Resources */,
				8FB704B121A1BAB80004F58C /* LaunchScreen.storyboard in Resources */,
				8FB704AE21A1BAB80004F58C /* Assets.xcassets in Resources */,
				8FB704A921A1BAB40004F58C /* Main.storyboard in Resources */,
			);
			runOnlyForDeploymentPostprocessing = 0;
		};
		8FB704B521A1BAB80004F58C /* Resources */ = {
			isa = PBXResourcesBuildPhase;
			buildActionMask = 2147483647;
			files = (
			);
			runOnlyForDeploymentPostprocessing = 0;
		};
		8FB704C021A1BAB80004F58C /* Resources */ = {
			isa = PBXResourcesBuildPhase;
			buildActionMask = 2147483647;
			files = (
			);
			runOnlyForDeploymentPostprocessing = 0;
		};
/* End PBXResourcesBuildPhase section */

/* Begin PBXShellScriptBuildPhase section */
		240C4FBA47F2BE157D93606A /* [CP] Embed Pods Frameworks */ = {
			isa = PBXShellScriptBuildPhase;
			buildActionMask = 2147483647;
			files = (
			);
			inputPaths = (
				"${SRCROOT}/Pods/Target Support Files/Pods-Public Speaking Training/Pods-Public Speaking Training-frameworks.sh",
				"${BUILT_PRODUCTS_DIR}/BoringSSL-GRPC/openssl_grpc.framework",
				"${BUILT_PRODUCTS_DIR}/Protobuf/Protobuf.framework",
				"${BUILT_PRODUCTS_DIR}/gRPC/GRPCClient.framework",
				"${BUILT_PRODUCTS_DIR}/gRPC-Core/grpc.framework",
				"${BUILT_PRODUCTS_DIR}/gRPC-ProtoRPC/ProtoRPC.framework",
				"${BUILT_PRODUCTS_DIR}/gRPC-RxLibrary/RxLibrary.framework",
				"${BUILT_PRODUCTS_DIR}/googleapis/googleapis.framework",
				"${BUILT_PRODUCTS_DIR}/nanopb/nanopb.framework",
			);
			name = "[CP] Embed Pods Frameworks";
			outputPaths = (
				"${TARGET_BUILD_DIR}/${FRAMEWORKS_FOLDER_PATH}/openssl_grpc.framework",
				"${TARGET_BUILD_DIR}/${FRAMEWORKS_FOLDER_PATH}/Protobuf.framework",
				"${TARGET_BUILD_DIR}/${FRAMEWORKS_FOLDER_PATH}/GRPCClient.framework",
				"${TARGET_BUILD_DIR}/${FRAMEWORKS_FOLDER_PATH}/grpc.framework",
				"${TARGET_BUILD_DIR}/${FRAMEWORKS_FOLDER_PATH}/ProtoRPC.framework",
				"${TARGET_BUILD_DIR}/${FRAMEWORKS_FOLDER_PATH}/RxLibrary.framework",
				"${TARGET_BUILD_DIR}/${FRAMEWORKS_FOLDER_PATH}/googleapis.framework",
				"${TARGET_BUILD_DIR}/${FRAMEWORKS_FOLDER_PATH}/nanopb.framework",
			);
			runOnlyForDeploymentPostprocessing = 0;
			shellPath = /bin/sh;
			shellScript = "\"${SRCROOT}/Pods/Target Support Files/Pods-Public Speaking Training/Pods-Public Speaking Training-frameworks.sh\"\n";
			showEnvVarsInLog = 0;
		};
		CA4249F6264F723FC923B56C /* [CP] Check Pods Manifest.lock */ = {
			isa = PBXShellScriptBuildPhase;
			buildActionMask = 2147483647;
			files = (
			);
			inputPaths = (
				"${PODS_PODFILE_DIR_PATH}/Podfile.lock",
				"${PODS_ROOT}/Manifest.lock",
			);
			name = "[CP] Check Pods Manifest.lock";
			outputPaths = (
				"$(DERIVED_FILE_DIR)/Pods-Public Speaking TrainingUITests-checkManifestLockResult.txt",
			);
			runOnlyForDeploymentPostprocessing = 0;
			shellPath = /bin/sh;
			shellScript = "diff \"${PODS_PODFILE_DIR_PATH}/Podfile.lock\" \"${PODS_ROOT}/Manifest.lock\" > /dev/null\nif [ $? != 0 ] ; then\n    # print error to STDERR\n    echo \"error: The sandbox is not in sync with the Podfile.lock. Run 'pod install' or update your CocoaPods installation.\" >&2\n    exit 1\nfi\n# This output is used by Xcode 'outputs' to avoid re-running this script phase.\necho \"SUCCESS\" > \"${SCRIPT_OUTPUT_FILE_0}\"\n";
			showEnvVarsInLog = 0;
		};
		D94EA5F17F6215D543C1632E /* [CP] Check Pods Manifest.lock */ = {
			isa = PBXShellScriptBuildPhase;
			buildActionMask = 2147483647;
			files = (
			);
			inputPaths = (
				"${PODS_PODFILE_DIR_PATH}/Podfile.lock",
				"${PODS_ROOT}/Manifest.lock",
			);
			name = "[CP] Check Pods Manifest.lock";
			outputPaths = (
				"$(DERIVED_FILE_DIR)/Pods-Public Speaking Training-checkManifestLockResult.txt",
			);
			runOnlyForDeploymentPostprocessing = 0;
			shellPath = /bin/sh;
			shellScript = "diff \"${PODS_PODFILE_DIR_PATH}/Podfile.lock\" \"${PODS_ROOT}/Manifest.lock\" > /dev/null\nif [ $? != 0 ] ; then\n    # print error to STDERR\n    echo \"error: The sandbox is not in sync with the Podfile.lock. Run 'pod install' or update your CocoaPods installation.\" >&2\n    exit 1\nfi\n# This output is used by Xcode 'outputs' to avoid re-running this script phase.\necho \"SUCCESS\" > \"${SCRIPT_OUTPUT_FILE_0}\"\n";
			showEnvVarsInLog = 0;
		};
		F3F2E544F260399B037E1BFF /* [CP] Check Pods Manifest.lock */ = {
			isa = PBXShellScriptBuildPhase;
			buildActionMask = 2147483647;
			files = (
			);
			inputPaths = (
				"${PODS_PODFILE_DIR_PATH}/Podfile.lock",
				"${PODS_ROOT}/Manifest.lock",
			);
			name = "[CP] Check Pods Manifest.lock";
			outputPaths = (
				"$(DERIVED_FILE_DIR)/Pods-Public Speaking TrainingTests-checkManifestLockResult.txt",
			);
			runOnlyForDeploymentPostprocessing = 0;
			shellPath = /bin/sh;
			shellScript = "diff \"${PODS_PODFILE_DIR_PATH}/Podfile.lock\" \"${PODS_ROOT}/Manifest.lock\" > /dev/null\nif [ $? != 0 ] ; then\n    # print error to STDERR\n    echo \"error: The sandbox is not in sync with the Podfile.lock. Run 'pod install' or update your CocoaPods installation.\" >&2\n    exit 1\nfi\n# This output is used by Xcode 'outputs' to avoid re-running this script phase.\necho \"SUCCESS\" > \"${SCRIPT_OUTPUT_FILE_0}\"\n";
			showEnvVarsInLog = 0;
		};
/* End PBXShellScriptBuildPhase section */

/* Begin PBXSourcesBuildPhase section */
		8FB7049C21A1BAB40004F58C /* Sources */ = {
			isa = PBXSourcesBuildPhase;
			buildActionMask = 2147483647;
			files = (
				8FF1877721A2923900DDD75F /* UtilFunctions.swift in Sources */,
				8FF1876521A20D8400DDD75F /* AudioController.swift in Sources */,
				8FF1877121A234A400DDD75F /* PresentationTableViewCell.swift in Sources */,
				8FB704AC21A1BAB40004F58C /* Public_Speaking_Training.xcdatamodeld in Sources */,
				8FF1876021A1E3EF00DDD75F /* PresentationFile.swift in Sources */,
				8FF1876D21A233E400DDD75F /* PresentationsViewerViewController.swift in Sources */,
				8FF1876821A20F0100DDD75F /* SpeechRecognitionService.swift in Sources */,
				8FF1877521A2769600DDD75F /* InstanceTableViewCell.swift in Sources */,
				8FB704DB21A1D0EA0004F58C /* Keys.swift in Sources */,
				8FB704A621A1BAB40004F58C /* PresentationInstanceViewController.swift in Sources */,
				8FF1876321A1E46900DDD75F /* PresentationInstance.swift in Sources */,
				8FB704A421A1BAB40004F58C /* AppDelegate.swift in Sources */,
				8FF1877321A26A2E00DDD75F /* PresentationFileViewController.swift in Sources */,
			);
			runOnlyForDeploymentPostprocessing = 0;
		};
		8FB704B321A1BAB80004F58C /* Sources */ = {
			isa = PBXSourcesBuildPhase;
			buildActionMask = 2147483647;
			files = (
				8FB704BC21A1BAB80004F58C /* Public_Speaking_TrainingTests.swift in Sources */,
			);
			runOnlyForDeploymentPostprocessing = 0;
		};
		8FB704BE21A1BAB80004F58C /* Sources */ = {
			isa = PBXSourcesBuildPhase;
			buildActionMask = 2147483647;
			files = (
				8FB704C721A1BAB80004F58C /* Public_Speaking_TrainingUITests.swift in Sources */,
			);
			runOnlyForDeploymentPostprocessing = 0;
		};
/* End PBXSourcesBuildPhase section */

/* Begin PBXTargetDependency section */
		8FB704B921A1BAB80004F58C /* PBXTargetDependency */ = {
			isa = PBXTargetDependency;
			target = 8FB7049F21A1BAB40004F58C /* Public Speaking Training */;
			targetProxy = 8FB704B821A1BAB80004F58C /* PBXContainerItemProxy */;
		};
		8FB704C421A1BAB80004F58C /* PBXTargetDependency */ = {
			isa = PBXTargetDependency;
			target = 8FB7049F21A1BAB40004F58C /* Public Speaking Training */;
			targetProxy = 8FB704C321A1BAB80004F58C /* PBXContainerItemProxy */;
		};
/* End PBXTargetDependency section */

/* Begin PBXVariantGroup section */
		8FB704A721A1BAB40004F58C /* Main.storyboard */ = {
			isa = PBXVariantGroup;
			children = (
				8FB704A821A1BAB40004F58C /* Base */,
			);
			name = Main.storyboard;
			sourceTree = "<group>";
		};
		8FB704AF21A1BAB80004F58C /* LaunchScreen.storyboard */ = {
			isa = PBXVariantGroup;
			children = (
				8FB704B021A1BAB80004F58C /* Base */,
			);
			name = LaunchScreen.storyboard;
			sourceTree = "<group>";
		};
/* End PBXVariantGroup section */

/* Begin XCBuildConfiguration section */
		8FB704C921A1BAB80004F58C /* Debug */ = {
			isa = XCBuildConfiguration;
			buildSettings = {
				ALWAYS_SEARCH_USER_PATHS = NO;
				CLANG_ANALYZER_NONNULL = YES;
				CLANG_ANALYZER_NUMBER_OBJECT_CONVERSION = YES_AGGRESSIVE;
				CLANG_CXX_LANGUAGE_STANDARD = "gnu++14";
				CLANG_CXX_LIBRARY = "libc++";
				CLANG_ENABLE_MODULES = YES;
				CLANG_ENABLE_OBJC_ARC = YES;
				CLANG_ENABLE_OBJC_WEAK = YES;
				CLANG_WARN_BLOCK_CAPTURE_AUTORELEASING = YES;
				CLANG_WARN_BOOL_CONVERSION = YES;
				CLANG_WARN_COMMA = YES;
				CLANG_WARN_CONSTANT_CONVERSION = YES;
				CLANG_WARN_DEPRECATED_OBJC_IMPLEMENTATIONS = YES;
				CLANG_WARN_DIRECT_OBJC_ISA_USAGE = YES_ERROR;
				CLANG_WARN_DOCUMENTATION_COMMENTS = YES;
				CLANG_WARN_EMPTY_BODY = YES;
				CLANG_WARN_ENUM_CONVERSION = YES;
				CLANG_WARN_INFINITE_RECURSION = YES;
				CLANG_WARN_INT_CONVERSION = YES;
				CLANG_WARN_NON_LITERAL_NULL_CONVERSION = YES;
				CLANG_WARN_OBJC_IMPLICIT_RETAIN_SELF = YES;
				CLANG_WARN_OBJC_LITERAL_CONVERSION = YES;
				CLANG_WARN_OBJC_ROOT_CLASS = YES_ERROR;
				CLANG_WARN_RANGE_LOOP_ANALYSIS = YES;
				CLANG_WARN_STRICT_PROTOTYPES = YES;
				CLANG_WARN_SUSPICIOUS_MOVE = YES;
				CLANG_WARN_UNGUARDED_AVAILABILITY = YES_AGGRESSIVE;
				CLANG_WARN_UNREACHABLE_CODE = YES;
				CLANG_WARN__DUPLICATE_METHOD_MATCH = YES;
				CODE_SIGN_IDENTITY = "iPhone Developer";
				COPY_PHASE_STRIP = NO;
				DEBUG_INFORMATION_FORMAT = dwarf;
				ENABLE_STRICT_OBJC_MSGSEND = YES;
				ENABLE_TESTABILITY = YES;
				GCC_C_LANGUAGE_STANDARD = gnu11;
				GCC_DYNAMIC_NO_PIC = NO;
				GCC_NO_COMMON_BLOCKS = YES;
				GCC_OPTIMIZATION_LEVEL = 0;
				GCC_PREPROCESSOR_DEFINITIONS = (
					"DEBUG=1",
					"$(inherited)",
				);
				GCC_WARN_64_TO_32_BIT_CONVERSION = YES;
				GCC_WARN_ABOUT_RETURN_TYPE = YES_ERROR;
				GCC_WARN_UNDECLARED_SELECTOR = YES;
				GCC_WARN_UNINITIALIZED_AUTOS = YES_AGGRESSIVE;
				GCC_WARN_UNUSED_FUNCTION = YES;
				GCC_WARN_UNUSED_VARIABLE = YES;
				IPHONEOS_DEPLOYMENT_TARGET = 12.0;
				MTL_ENABLE_DEBUG_INFO = INCLUDE_SOURCE;
				MTL_FAST_MATH = YES;
				ONLY_ACTIVE_ARCH = YES;
				SDKROOT = iphoneos;
				SWIFT_ACTIVE_COMPILATION_CONDITIONS = DEBUG;
				SWIFT_OPTIMIZATION_LEVEL = "-Onone";
			};
			name = Debug;
		};
		8FB704CA21A1BAB80004F58C /* Release */ = {
			isa = XCBuildConfiguration;
			buildSettings = {
				ALWAYS_SEARCH_USER_PATHS = NO;
				CLANG_ANALYZER_NONNULL = YES;
				CLANG_ANALYZER_NUMBER_OBJECT_CONVERSION = YES_AGGRESSIVE;
				CLANG_CXX_LANGUAGE_STANDARD = "gnu++14";
				CLANG_CXX_LIBRARY = "libc++";
				CLANG_ENABLE_MODULES = YES;
				CLANG_ENABLE_OBJC_ARC = YES;
				CLANG_ENABLE_OBJC_WEAK = YES;
				CLANG_WARN_BLOCK_CAPTURE_AUTORELEASING = YES;
				CLANG_WARN_BOOL_CONVERSION = YES;
				CLANG_WARN_COMMA = YES;
				CLANG_WARN_CONSTANT_CONVERSION = YES;
				CLANG_WARN_DEPRECATED_OBJC_IMPLEMENTATIONS = YES;
				CLANG_WARN_DIRECT_OBJC_ISA_USAGE = YES_ERROR;
				CLANG_WARN_DOCUMENTATION_COMMENTS = YES;
				CLANG_WARN_EMPTY_BODY = YES;
				CLANG_WARN_ENUM_CONVERSION = YES;
				CLANG_WARN_INFINITE_RECURSION = YES;
				CLANG_WARN_INT_CONVERSION = YES;
				CLANG_WARN_NON_LITERAL_NULL_CONVERSION = YES;
				CLANG_WARN_OBJC_IMPLICIT_RETAIN_SELF = YES;
				CLANG_WARN_OBJC_LITERAL_CONVERSION = YES;
				CLANG_WARN_OBJC_ROOT_CLASS = YES_ERROR;
				CLANG_WARN_RANGE_LOOP_ANALYSIS = YES;
				CLANG_WARN_STRICT_PROTOTYPES = YES;
				CLANG_WARN_SUSPICIOUS_MOVE = YES;
				CLANG_WARN_UNGUARDED_AVAILABILITY = YES_AGGRESSIVE;
				CLANG_WARN_UNREACHABLE_CODE = YES;
				CLANG_WARN__DUPLICATE_METHOD_MATCH = YES;
				CODE_SIGN_IDENTITY = "iPhone Developer";
				COPY_PHASE_STRIP = NO;
				DEBUG_INFORMATION_FORMAT = "dwarf-with-dsym";
				ENABLE_NS_ASSERTIONS = NO;
				ENABLE_STRICT_OBJC_MSGSEND = YES;
				GCC_C_LANGUAGE_STANDARD = gnu11;
				GCC_NO_COMMON_BLOCKS = YES;
				GCC_WARN_64_TO_32_BIT_CONVERSION = YES;
				GCC_WARN_ABOUT_RETURN_TYPE = YES_ERROR;
				GCC_WARN_UNDECLARED_SELECTOR = YES;
				GCC_WARN_UNINITIALIZED_AUTOS = YES_AGGRESSIVE;
				GCC_WARN_UNUSED_FUNCTION = YES;
				GCC_WARN_UNUSED_VARIABLE = YES;
				IPHONEOS_DEPLOYMENT_TARGET = 12.0;
				MTL_ENABLE_DEBUG_INFO = NO;
				MTL_FAST_MATH = YES;
				SDKROOT = iphoneos;
				SWIFT_COMPILATION_MODE = wholemodule;
				SWIFT_OPTIMIZATION_LEVEL = "-O";
				VALIDATE_PRODUCT = YES;
			};
			name = Release;
		};
		8FB704CC21A1BAB80004F58C /* Debug */ = {
			isa = XCBuildConfiguration;
			baseConfigurationReference = 42DC0A061BE6BC801C2A5D30 /* Pods-Public Speaking Training.debug.xcconfig */;
			buildSettings = {
				ASSETCATALOG_COMPILER_APPICON_NAME = AppIcon;
				CODE_SIGN_STYLE = Automatic;
				DEVELOPMENT_TEAM = 3G68H7X4AR;
				INFOPLIST_FILE = "Public Speaking Training/Info.plist";
				LD_RUNPATH_SEARCH_PATHS = (
					"$(inherited)",
					"@executable_path/Frameworks",
				);
				PRODUCT_BUNDLE_IDENTIFIER = "PIERRE.Public-Speaking-Training";
				PRODUCT_NAME = "$(TARGET_NAME)";
				SWIFT_VERSION = 4.2;
				TARGETED_DEVICE_FAMILY = "1,2";
			};
			name = Debug;
		};
		8FB704CD21A1BAB80004F58C /* Release */ = {
			isa = XCBuildConfiguration;
			baseConfigurationReference = E2CAF73D0BFF4D01B6C39319 /* Pods-Public Speaking Training.release.xcconfig */;
			buildSettings = {
				ASSETCATALOG_COMPILER_APPICON_NAME = AppIcon;
				CODE_SIGN_STYLE = Automatic;
				DEVELOPMENT_TEAM = 3G68H7X4AR;
				INFOPLIST_FILE = "Public Speaking Training/Info.plist";
				LD_RUNPATH_SEARCH_PATHS = (
					"$(inherited)",
					"@executable_path/Frameworks",
				);
				PRODUCT_BUNDLE_IDENTIFIER = "PIERRE.Public-Speaking-Training";
				PRODUCT_NAME = "$(TARGET_NAME)";
				SWIFT_VERSION = 4.2;
				TARGETED_DEVICE_FAMILY = "1,2";
			};
			name = Release;
		};
		8FB704CF21A1BAB80004F58C /* Debug */ = {
			isa = XCBuildConfiguration;
			baseConfigurationReference = 921540C72E2E221888D7AF96 /* Pods-Public Speaking TrainingTests.debug.xcconfig */;
			buildSettings = {
				ALWAYS_EMBED_SWIFT_STANDARD_LIBRARIES = YES;
				BUNDLE_LOADER = "$(TEST_HOST)";
				CODE_SIGN_STYLE = Automatic;
				DEVELOPMENT_TEAM = 3G68H7X4AR;
				INFOPLIST_FILE = "Public Speaking TrainingTests/Info.plist";
				LD_RUNPATH_SEARCH_PATHS = (
					"$(inherited)",
					"@executable_path/Frameworks",
					"@loader_path/Frameworks",
				);
				PRODUCT_BUNDLE_IDENTIFIER = "PIERRE.Public-Speaking-TrainingTests";
				PRODUCT_NAME = "$(TARGET_NAME)";
				SWIFT_VERSION = 4.2;
				TARGETED_DEVICE_FAMILY = "1,2";
				TEST_HOST = "$(BUILT_PRODUCTS_DIR)/Public Speaking Training.app/Public Speaking Training";
			};
			name = Debug;
		};
		8FB704D021A1BAB80004F58C /* Release */ = {
			isa = XCBuildConfiguration;
			baseConfigurationReference = 7E8CAF446405C0B12BFFB27C /* Pods-Public Speaking TrainingTests.release.xcconfig */;
			buildSettings = {
				ALWAYS_EMBED_SWIFT_STANDARD_LIBRARIES = YES;
				BUNDLE_LOADER = "$(TEST_HOST)";
				CODE_SIGN_STYLE = Automatic;
				DEVELOPMENT_TEAM = 3G68H7X4AR;
				INFOPLIST_FILE = "Public Speaking TrainingTests/Info.plist";
				LD_RUNPATH_SEARCH_PATHS = (
					"$(inherited)",
					"@executable_path/Frameworks",
					"@loader_path/Frameworks",
				);
				PRODUCT_BUNDLE_IDENTIFIER = "PIERRE.Public-Speaking-TrainingTests";
				PRODUCT_NAME = "$(TARGET_NAME)";
				SWIFT_VERSION = 4.2;
				TARGETED_DEVICE_FAMILY = "1,2";
				TEST_HOST = "$(BUILT_PRODUCTS_DIR)/Public Speaking Training.app/Public Speaking Training";
			};
			name = Release;
		};
		8FB704D221A1BAB80004F58C /* Debug */ = {
			isa = XCBuildConfiguration;
			baseConfigurationReference = 7A7916C5BCF7BCAC1E01863A /* Pods-Public Speaking TrainingUITests.debug.xcconfig */;
			buildSettings = {
				ALWAYS_EMBED_SWIFT_STANDARD_LIBRARIES = YES;
				CODE_SIGN_STYLE = Automatic;
				DEVELOPMENT_TEAM = 3G68H7X4AR;
				INFOPLIST_FILE = "Public Speaking TrainingUITests/Info.plist";
				LD_RUNPATH_SEARCH_PATHS = (
					"$(inherited)",
					"@executable_path/Frameworks",
					"@loader_path/Frameworks",
				);
				PRODUCT_BUNDLE_IDENTIFIER = "PIERRE.Public-Speaking-TrainingUITests";
				PRODUCT_NAME = "$(TARGET_NAME)";
				SWIFT_VERSION = 4.2;
				TARGETED_DEVICE_FAMILY = "1,2";
				TEST_TARGET_NAME = "Public Speaking Training";
			};
			name = Debug;
		};
		8FB704D321A1BAB80004F58C /* Release */ = {
			isa = XCBuildConfiguration;
			baseConfigurationReference = 55B932DCDE48FFEC55408807 /* Pods-Public Speaking TrainingUITests.release.xcconfig */;
			buildSettings = {
				ALWAYS_EMBED_SWIFT_STANDARD_LIBRARIES = YES;
				CODE_SIGN_STYLE = Automatic;
				DEVELOPMENT_TEAM = 3G68H7X4AR;
				INFOPLIST_FILE = "Public Speaking TrainingUITests/Info.plist";
				LD_RUNPATH_SEARCH_PATHS = (
					"$(inherited)",
					"@executable_path/Frameworks",
					"@loader_path/Frameworks",
				);
				PRODUCT_BUNDLE_IDENTIFIER = "PIERRE.Public-Speaking-TrainingUITests";
				PRODUCT_NAME = "$(TARGET_NAME)";
				SWIFT_VERSION = 4.2;
				TARGETED_DEVICE_FAMILY = "1,2";
				TEST_TARGET_NAME = "Public Speaking Training";
			};
			name = Release;
		};
/* End XCBuildConfiguration section */

/* Begin XCConfigurationList section */
		8FB7049B21A1BAB40004F58C /* Build configuration list for PBXProject "Public Speaking Training" */ = {
			isa = XCConfigurationList;
			buildConfigurations = (
				8FB704C921A1BAB80004F58C /* Debug */,
				8FB704CA21A1BAB80004F58C /* Release */,
			);
			defaultConfigurationIsVisible = 0;
			defaultConfigurationName = Release;
		};
		8FB704CB21A1BAB80004F58C /* Build configuration list for PBXNativeTarget "Public Speaking Training" */ = {
			isa = XCConfigurationList;
			buildConfigurations = (
				8FB704CC21A1BAB80004F58C /* Debug */,
				8FB704CD21A1BAB80004F58C /* Release */,
			);
			defaultConfigurationIsVisible = 0;
			defaultConfigurationName = Release;
		};
		8FB704CE21A1BAB80004F58C /* Build configuration list for PBXNativeTarget "Public Speaking TrainingTests" */ = {
			isa = XCConfigurationList;
			buildConfigurations = (
				8FB704CF21A1BAB80004F58C /* Debug */,
				8FB704D021A1BAB80004F58C /* Release */,
			);
			defaultConfigurationIsVisible = 0;
			defaultConfigurationName = Release;
		};
		8FB704D121A1BAB80004F58C /* Build configuration list for PBXNativeTarget "Public Speaking TrainingUITests" */ = {
			isa = XCConfigurationList;
			buildConfigurations = (
				8FB704D221A1BAB80004F58C /* Debug */,
				8FB704D321A1BAB80004F58C /* Release */,
			);
			defaultConfigurationIsVisible = 0;
			defaultConfigurationName = Release;
		};
/* End XCConfigurationList section */

/* Begin XCVersionGroup section */
		8FB704AA21A1BAB40004F58C /* Public_Speaking_Training.xcdatamodeld */ = {
			isa = XCVersionGroup;
			children = (
				8FB704AB21A1BAB40004F58C /* Public_Speaking_Training.xcdatamodel */,
			);
			currentVersion = 8FB704AB21A1BAB40004F58C /* Public_Speaking_Training.xcdatamodel */;
			path = Public_Speaking_Training.xcdatamodeld;
			sourceTree = "<group>";
			versionGroupType = wrapper.xcdatamodel;
		};
/* End XCVersionGroup section */
	};
	rootObject = 8FB7049821A1BAB40004F58C /* Project object */;
}
